// !$*UTF8*$!
{
	archiveVersion = 1;
	classes = {
	};
	objectVersion = 50;
	objects = {

/* Begin PBXBuildFile section */
		047543EC20C674C20023B44E /* AppDelegate.m in Sources */ = {isa = PBXBuildFile; fileRef = 047543EB20C674C20023B44E /* AppDelegate.m */; };
		047543EF20C674C20023B44E /* ViewController.m in Sources */ = {isa = PBXBuildFile; fileRef = 047543EE20C674C20023B44E /* ViewController.m */; };
		047543F220C674C20023B44E /* Main.storyboard in Resources */ = {isa = PBXBuildFile; fileRef = 047543F020C674C20023B44E /* Main.storyboard */; };
		047543F420C674C20023B44E /* Assets.xcassets in Resources */ = {isa = PBXBuildFile; fileRef = 047543F320C674C20023B44E /* Assets.xcassets */; };
		047543F720C674C20023B44E /* LaunchScreen.storyboard in Resources */ = {isa = PBXBuildFile; fileRef = 047543F520C674C20023B44E /* LaunchScreen.storyboard */; };
		047543FA20C674C20023B44E /* main.m in Sources */ = {isa = PBXBuildFile; fileRef = 047543F920C674C20023B44E /* main.m */; };
		0475440420C674C20023B44E /* FQCustomTextViewTests.m in Sources */ = {isa = PBXBuildFile; fileRef = 0475440320C674C20023B44E /* FQCustomTextViewTests.m */; };
		0475440F20C674C20023B44E /* FQCustomTextViewUITests.m in Sources */ = {isa = PBXBuildFile; fileRef = 0475440E20C674C20023B44E /* FQCustomTextViewUITests.m */; };
/* End PBXBuildFile section */

/* Begin PBXContainerItemProxy section */
		0475440020C674C20023B44E /* PBXContainerItemProxy */ = {
			isa = PBXContainerItemProxy;
			containerPortal = 047543DF20C674C20023B44E /* Project object */;
			proxyType = 1;
			remoteGlobalIDString = 047543E620C674C20023B44E;
			remoteInfo = FQCustomTextView;
		};
		0475440B20C674C20023B44E /* PBXContainerItemProxy */ = {
			isa = PBXContainerItemProxy;
			containerPortal = 047543DF20C674C20023B44E /* Project object */;
			proxyType = 1;
			remoteGlobalIDString = 047543E620C674C20023B44E;
			remoteInfo = FQCustomTextView;
		};
/* End PBXContainerItemProxy section */

/* Begin PBXFileReference section */
		047543E720C674C20023B44E /* FQCustomTextView.app */ = {isa = PBXFileReference; explicitFileType = wrapper.application; includeInIndex = 0; path = FQCustomTextView.app; sourceTree = BUILT_PRODUCTS_DIR; };
		047543EA20C674C20023B44E /* AppDelegate.h */ = {isa = PBXFileReference; lastKnownFileType = sourcecode.c.h; path = AppDelegate.h; sourceTree = "<group>"; };
		047543EB20C674C20023B44E /* AppDelegate.m */ = {isa = PBXFileReference; lastKnownFileType = sourcecode.c.objc; path = AppDelegate.m; sourceTree = "<group>"; };
		047543ED20C674C20023B44E /* ViewController.h */ = {isa = PBXFileReference; lastKnownFileType = sourcecode.c.h; path = ViewController.h; sourceTree = "<group>"; };
		047543EE20C674C20023B44E /* ViewController.m */ = {isa = PBXFileReference; lastKnownFileType = sourcecode.c.objc; path = ViewController.m; sourceTree = "<group>"; };
		047543F120C674C20023B44E /* Base */ = {isa = PBXFileReference; lastKnownFileType = file.storyboard; name = Base; path = Base.lproj/Main.storyboard; sourceTree = "<group>"; };
		047543F320C674C20023B44E /* Assets.xcassets */ = {isa = PBXFileReference; lastKnownFileType = folder.assetcatalog; path = Assets.xcassets; sourceTree = "<group>"; };
		047543F620C674C20023B44E /* Base */ = {isa = PBXFileReference; lastKnownFileType = file.storyboard; name = Base; path = Base.lproj/LaunchScreen.storyboard; sourceTree = "<group>"; };
		047543F820C674C20023B44E /* Info.plist */ = {isa = PBXFileReference; lastKnownFileType = text.plist.xml; path = Info.plist; sourceTree = "<group>"; };
		047543F920C674C20023B44E /* main.m */ = {isa = PBXFileReference; lastKnownFileType = sourcecode.c.objc; path = main.m; sourceTree = "<group>"; };
		047543FF20C674C20023B44E /* FQCustomTextViewTests.xctest */ = {isa = PBXFileReference; explicitFileType = wrapper.cfbundle; includeInIndex = 0; path = FQCustomTextViewTests.xctest; sourceTree = BUILT_PRODUCTS_DIR; };
		0475440320C674C20023B44E /* FQCustomTextViewTests.m */ = {isa = PBXFileReference; lastKnownFileType = sourcecode.c.objc; path = FQCustomTextViewTests.m; sourceTree = "<group>"; };
		0475440520C674C20023B44E /* Info.plist */ = {isa = PBXFileReference; lastKnownFileType = text.plist.xml; path = Info.plist; sourceTree = "<group>"; };
		0475440A20C674C20023B44E /* FQCustomTextViewUITests.xctest */ = {isa = PBXFileReference; explicitFileType = wrapper.cfbundle; includeInIndex = 0; path = FQCustomTextViewUITests.xctest; sourceTree = BUILT_PRODUCTS_DIR; };
		0475440E20C674C20023B44E /* FQCustomTextViewUITests.m */ = {isa = PBXFileReference; lastKnownFileType = sourcecode.c.objc; path = FQCustomTextViewUITests.m; sourceTree = "<group>"; };
		0475441020C674C20023B44E /* Info.plist */ = {isa = PBXFileReference; lastKnownFileType = text.plist.xml; path = Info.plist; sourceTree = "<group>"; };
/* End PBXFileReference section */

/* Begin PBXFrameworksBuildPhase section */
		047543E420C674C20023B44E /* Frameworks */ = {
			isa = PBXFrameworksBuildPhase;
			buildActionMask = 2147483647;
			files = (
			);
			runOnlyForDeploymentPostprocessing = 0;
		};
		047543FC20C674C20023B44E /* Frameworks */ = {
			isa = PBXFrameworksBuildPhase;
			buildActionMask = 2147483647;
			files = (
			);
			runOnlyForDeploymentPostprocessing = 0;
		};
		0475440720C674C20023B44E /* Frameworks */ = {
			isa = PBXFrameworksBuildPhase;
			buildActionMask = 2147483647;
			files = (
			);
			runOnlyForDeploymentPostprocessing = 0;
		};
/* End PBXFrameworksBuildPhase section */

/* Begin PBXGroup section */
		047543DE20C674C20023B44E = {
			isa = PBXGroup;
			children = (
				047543E920C674C20023B44E /* FQCustomTextView */,
				0475440220C674C20023B44E /* FQCustomTextViewTests */,
				0475440D20C674C20023B44E /* FQCustomTextViewUITests */,
				047543E820C674C20023B44E /* Products */,
			);
			sourceTree = "<group>";
		};
		047543E820C674C20023B44E /* Products */ = {
			isa = PBXGroup;
			children = (
				047543E720C674C20023B44E /* FQCustomTextView.app */,
				047543FF20C674C20023B44E /* FQCustomTextViewTests.xctest */,
				0475440A20C674C20023B44E /* FQCustomTextViewUITests.xctest */,
			);
			name = Products;
			sourceTree = "<group>";
		};
		047543E920C674C20023B44E /* FQCustomTextView */ = {
			isa = PBXGroup;
			children = (
				047543EA20C674C20023B44E /* AppDelegate.h */,
				047543EB20C674C20023B44E /* AppDelegate.m */,
				047543ED20C674C20023B44E /* ViewController.h */,
				047543EE20C674C20023B44E /* ViewController.m */,
				047543F020C674C20023B44E /* Main.storyboard */,
				047543F320C674C20023B44E /* Assets.xcassets */,
				047543F520C674C20023B44E /* LaunchScreen.storyboard */,
				047543F820C674C20023B44E /* Info.plist */,
				047543F920C674C20023B44E /* main.m */,
			);
			path = FQCustomTextView;
			sourceTree = "<group>";
		};
		0475440220C674C20023B44E /* FQCustomTextViewTests */ = {
			isa = PBXGroup;
			children = (
				0475440320C674C20023B44E /* FQCustomTextViewTests.m */,
				0475440520C674C20023B44E /* Info.plist */,
			);
			path = FQCustomTextViewTests;
			sourceTree = "<group>";
		};
		0475440D20C674C20023B44E /* FQCustomTextViewUITests */ = {
			isa = PBXGroup;
			children = (
				0475440E20C674C20023B44E /* FQCustomTextViewUITests.m */,
				0475441020C674C20023B44E /* Info.plist */,
			);
			path = FQCustomTextViewUITests;
			sourceTree = "<group>";
		};
/* End PBXGroup section */

/* Begin PBXNativeTarget section */
		047543E620C674C20023B44E /* FQCustomTextView */ = {
			isa = PBXNativeTarget;
			buildConfigurationList = 0475441320C674C20023B44E /* Build configuration list for PBXNativeTarget "FQCustomTextView" */;
			buildPhases = (
				047543E320C674C20023B44E /* Sources */,
				047543E420C674C20023B44E /* Frameworks */,
				047543E520C674C20023B44E /* Resources */,
			);
			buildRules = (
			);
			dependencies = (
			);
			name = FQCustomTextView;
			productName = FQCustomTextView;
			productReference = 047543E720C674C20023B44E /* FQCustomTextView.app */;
			productType = "com.apple.product-type.application";
		};
		047543FE20C674C20023B44E /* FQCustomTextViewTests */ = {
			isa = PBXNativeTarget;
			buildConfigurationList = 0475441620C674C20023B44E /* Build configuration list for PBXNativeTarget "FQCustomTextViewTests" */;
			buildPhases = (
				047543FB20C674C20023B44E /* Sources */,
				047543FC20C674C20023B44E /* Frameworks */,
				047543FD20C674C20023B44E /* Resources */,
			);
			buildRules = (
			);
			dependencies = (
				0475440120C674C20023B44E /* PBXTargetDependency */,
			);
			name = FQCustomTextViewTests;
			productName = FQCustomTextViewTests;
			productReference = 047543FF20C674C20023B44E /* FQCustomTextViewTests.xctest */;
			productType = "com.apple.product-type.bundle.unit-test";
		};
		0475440920C674C20023B44E /* FQCustomTextViewUITests */ = {
			isa = PBXNativeTarget;
			buildConfigurationList = 0475441920C674C20023B44E /* Build configuration list for PBXNativeTarget "FQCustomTextViewUITests" */;
			buildPhases = (
				0475440620C674C20023B44E /* Sources */,
				0475440720C674C20023B44E /* Frameworks */,
				0475440820C674C20023B44E /* Resources */,
			);
			buildRules = (
			);
			dependencies = (
				0475440C20C674C20023B44E /* PBXTargetDependency */,
			);
			name = FQCustomTextViewUITests;
			productName = FQCustomTextViewUITests;
			productReference = 0475440A20C674C20023B44E /* FQCustomTextViewUITests.xctest */;
			productType = "com.apple.product-type.bundle.ui-testing";
		};
/* End PBXNativeTarget section */

/* Begin PBXProject section */
		047543DF20C674C20023B44E /* Project object */ = {
			isa = PBXProject;
			attributes = {
				LastUpgradeCheck = 0930;
				ORGANIZATIONNAME = mac;
				TargetAttributes = {
					047543E620C674C20023B44E = {
						CreatedOnToolsVersion = 9.3;
					};
					047543FE20C674C20023B44E = {
						CreatedOnToolsVersion = 9.3;
						TestTargetID = 047543E620C674C20023B44E;
					};
					0475440920C674C20023B44E = {
						CreatedOnToolsVersion = 9.3;
						TestTargetID = 047543E620C674C20023B44E;
					};
				};
			};
			buildConfigurationList = 047543E220C674C20023B44E /* Build configuration list for PBXProject "FQCustomTextView" */;
			compatibilityVersion = "Xcode 9.3";
			developmentRegion = en;
			hasScannedForEncodings = 0;
			knownRegions = (
				en,
				Base,
			);
			mainGroup = 047543DE20C674C20023B44E;
			productRefGroup = 047543E820C674C20023B44E /* Products */;
			projectDirPath = "";
			projectRoot = "";
			targets = (
				047543E620C674C20023B44E /* FQCustomTextView */,
				047543FE20C674C20023B44E /* FQCustomTextViewTests */,
				0475440920C674C20023B44E /* FQCustomTextViewUITests */,
			);
		};
/* End PBXProject section */

/* Begin PBXResourcesBuildPhase section */
		047543E520C674C20023B44E /* Resources */ = {
			isa = PBXResourcesBuildPhase;
			buildActionMask = 2147483647;
			files = (
				047543F720C674C20023B44E /* LaunchScreen.storyboard in Resources */,
				047543F420C674C20023B44E /* Assets.xcassets in Resources */,
				047543F220C674C20023B44E /* Main.storyboard in Resources */,
			);
			runOnlyForDeploymentPostprocessing = 0;
		};
		047543FD20C674C20023B44E /* Resources */ = {
			isa = PBXResourcesBuildPhase;
			buildActionMask = 2147483647;
			files = (
			);
			runOnlyForDeploymentPostprocessing = 0;
		};
		0475440820C674C20023B44E /* Resources */ = {
			isa = PBXResourcesBuildPhase;
			buildActionMask = 2147483647;
			files = (
			);
			runOnlyForDeploymentPostprocessing = 0;
		};
/* End PBXResourcesBuildPhase section */

/* Begin PBXSourcesBuildPhase section */
		047543E320C674C20023B44E /* Sources */ = {
			isa = PBXSourcesBuildPhase;
			buildActionMask = 2147483647;
			files = (
				047543EF20C674C20023B44E /* ViewController.m in Sources */,
				047543FA20C674C20023B44E /* main.m in Sources */,
				047543EC20C674C20023B44E /* AppDelegate.m in Sources */,
			);
			runOnlyForDeploymentPostprocessing = 0;
		};
		047543FB20C674C20023B44E /* Sources */ = {
			isa = PBXSourcesBuildPhase;
			buildActionMask = 2147483647;
			files = (
				0475440420C674C20023B44E /* FQCustomTextViewTests.m in Sources */,
			);
			runOnlyForDeploymentPostprocessing = 0;
		};
		0475440620C674C20023B44E /* Sources */ = {
			isa = PBXSourcesBuildPhase;
			buildActionMask = 2147483647;
			files = (
				0475440F20C674C20023B44E /* FQCustomTextViewUITests.m in Sources */,
			);
			runOnlyForDeploymentPostprocessing = 0;
		};
/* End PBXSourcesBuildPhase section */

/* Begin PBXTargetDependency section */
		0475440120C674C20023B44E /* PBXTargetDependency */ = {
			isa = PBXTargetDependency;
			target = 047543E620C674C20023B44E /* FQCustomTextView */;
			targetProxy = 0475440020C674C20023B44E /* PBXContainerItemProxy */;
		};
		0475440C20C674C20023B44E /* PBXTargetDependency */ = {
			isa = PBXTargetDependency;
			target = 047543E620C674C20023B44E /* FQCustomTextView */;
			targetProxy = 0475440B20C674C20023B44E /* PBXContainerItemProxy */;
		};
/* End PBXTargetDependency section */

/* Begin PBXVariantGroup section */
		047543F020C674C20023B44E /* Main.storyboard */ = {
			isa = PBXVariantGroup;
			children = (
				047543F120C674C20023B44E /* Base */,
			);
			name = Main.storyboard;
			sourceTree = "<group>";
		};
		047543F520C674C20023B44E /* LaunchScreen.storyboard */ = {
			isa = PBXVariantGroup;
			children = (
				047543F620C674C20023B44E /* Base */,
			);
			name = LaunchScreen.storyboard;
			sourceTree = "<group>";
		};
/* End PBXVariantGroup section */

/* Begin XCBuildConfiguration section */
		0475441120C674C20023B44E /* Debug */ = {
			isa = XCBuildConfiguration;
			buildSettings = {
				ALWAYS_SEARCH_USER_PATHS = NO;
				CLANG_ANALYZER_NONNULL = YES;
				CLANG_ANALYZER_NUMBER_OBJECT_CONVERSION = YES_AGGRESSIVE;
				CLANG_CXX_LANGUAGE_STANDARD = "gnu++14";
				CLANG_CXX_LIBRARY = "libc++";
				CLANG_ENABLE_MODULES = YES;
				CLANG_ENABLE_OBJC_ARC = YES;
				CLANG_ENABLE_OBJC_WEAK = YES;
				CLANG_WARN_BLOCK_CAPTURE_AUTORELEASING = YES;
				CLANG_WARN_BOOL_CONVERSION = YES;
				CLANG_WARN_COMMA = YES;
				CLANG_WARN_CONSTANT_CONVERSION = YES;
				CLANG_WARN_DEPRECATED_OBJC_IMPLEMENTATIONS = YES;
				CLANG_WARN_DIRECT_OBJC_ISA_USAGE = YES_ERROR;
				CLANG_WARN_DOCUMENTATION_COMMENTS = YES;
				CLANG_WARN_EMPTY_BODY = YES;
				CLANG_WARN_ENUM_CONVERSION = YES;
				CLANG_WARN_INFINITE_RECURSION = YES;
				CLANG_WARN_INT_CONVERSION = YES;
				CLANG_WARN_NON_LITERAL_NULL_CONVERSION = YES;
				CLANG_WARN_OBJC_IMPLICIT_RETAIN_SELF = YES;
				CLANG_WARN_OBJC_LITERAL_CONVERSION = YES;
				CLANG_WARN_OBJC_ROOT_CLASS = YES_ERROR;
				CLANG_WARN_RANGE_LOOP_ANALYSIS = YES;
				CLANG_WARN_STRICT_PROTOTYPES = YES;
				CLANG_WARN_SUSPICIOUS_MOVE = YES;
				CLANG_WARN_UNGUARDED_AVAILABILITY = YES_AGGRESSIVE;
				CLANG_WARN_UNREACHABLE_CODE = YES;
				CLANG_WARN__DUPLICATE_METHOD_MATCH = YES;
				CODE_SIGN_IDENTITY = "iPhone Developer";
				COPY_PHASE_STRIP = NO;
				DEBUG_INFORMATION_FORMAT = dwarf;
				ENABLE_STRICT_OBJC_MSGSEND = YES;
				ENABLE_TESTABILITY = YES;
				GCC_C_LANGUAGE_STANDARD = gnu11;
				GCC_DYNAMIC_NO_PIC = NO;
				GCC_NO_COMMON_BLOCKS = YES;
				GCC_OPTIMIZATION_LEVEL = 0;
				GCC_PREPROCESSOR_DEFINITIONS = (
					"DEBUG=1",
					"$(inherited)",
				);
				GCC_WARN_64_TO_32_BIT_CONVERSION = YES;
				GCC_WARN_ABOUT_RETURN_TYPE = YES_ERROR;
				GCC_WARN_UNDECLARED_SELECTOR = YES;
				GCC_WARN_UNINITIALIZED_AUTOS = YES_AGGRESSIVE;
				GCC_WARN_UNUSED_FUNCTION = YES;
				GCC_WARN_UNUSED_VARIABLE = YES;
				IPHONEOS_DEPLOYMENT_TARGET = 11.3;
				MTL_ENABLE_DEBUG_INFO = YES;
				ONLY_ACTIVE_ARCH = YES;
				SDKROOT = iphoneos;
			};
			name = Debug;
		};
		0475441220C674C20023B44E /* Release */ = {
			isa = XCBuildConfiguration;
			buildSettings = {
				ALWAYS_SEARCH_USER_PATHS = NO;
				CLANG_ANALYZER_NONNULL = YES;
				CLANG_ANALYZER_NUMBER_OBJECT_CONVERSION = YES_AGGRESSIVE;
				CLANG_CXX_LANGUAGE_STANDARD = "gnu++14";
				CLANG_CXX_LIBRARY = "libc++";
				CLANG_ENABLE_MODULES = YES;
				CLANG_ENABLE_OBJC_ARC = YES;
				CLANG_ENABLE_OBJC_WEAK = YES;
				CLANG_WARN_BLOCK_CAPTURE_AUTORELEASING = YES;
				CLANG_WARN_BOOL_CONVERSION = YES;
				CLANG_WARN_COMMA = YES;
				CLANG_WARN_CONSTANT_CONVERSION = YES;
				CLANG_WARN_DEPRECATED_OBJC_IMPLEMENTATIONS = YES;
				CLANG_WARN_DIRECT_OBJC_ISA_USAGE = YES_ERROR;
				CLANG_WARN_DOCUMENTATION_COMMENTS = YES;
				CLANG_WARN_EMPTY_BODY = YES;
				CLANG_WARN_ENUM_CONVERSION = YES;
				CLANG_WARN_INFINITE_RECURSION = YES;
				CLANG_WARN_INT_CONVERSION = YES;
				CLANG_WARN_NON_LITERAL_NULL_CONVERSION = YES;
				CLANG_WARN_OBJC_IMPLICIT_RETAIN_SELF = YES;
				CLANG_WARN_OBJC_LITERAL_CONVERSION = YES;
				CLANG_WARN_OBJC_ROOT_CLASS = YES_ERROR;
				CLANG_WARN_RANGE_LOOP_ANALYSIS = YES;
				CLANG_WARN_STRICT_PROTOTYPES = YES;
				CLANG_WARN_SUSPICIOUS_MOVE = YES;
				CLANG_WARN_UNGUARDED_AVAILABILITY = YES_AGGRESSIVE;
				CLANG_WARN_UNREACHABLE_CODE = YES;
				CLANG_WARN__DUPLICATE_METHOD_MATCH = YES;
				CODE_SIGN_IDENTITY = "iPhone Developer";
				COPY_PHASE_STRIP = NO;
				DEBUG_INFORMATION_FORMAT = "dwarf-with-dsym";
				ENABLE_NS_ASSERTIONS = NO;
				ENABLE_STRICT_OBJC_MSGSEND = YES;
				GCC_C_LANGUAGE_STANDARD = gnu11;
				GCC_NO_COMMON_BLOCKS = YES;
				GCC_WARN_64_TO_32_BIT_CONVERSION = YES;
				GCC_WARN_ABOUT_RETURN_TYPE = YES_ERROR;
				GCC_WARN_UNDECLARED_SELECTOR = YES;
				GCC_WARN_UNINITIALIZED_AUTOS = YES_AGGRESSIVE;
				GCC_WARN_UNUSED_FUNCTION = YES;
				GCC_WARN_UNUSED_VARIABLE = YES;
				IPHONEOS_DEPLOYMENT_TARGET = 11.3;
				MTL_ENABLE_DEBUG_INFO = NO;
				SDKROOT = iphoneos;
				VALIDATE_PRODUCT = YES;
			};
			name = Release;
		};
		0475441420C674C20023B44E /* Debug */ = {
			isa = XCBuildConfiguration;
			buildSettings = {
				ASSETCATALOG_COMPILER_APPICON_NAME = AppIcon;
				CODE_SIGN_STYLE = Automatic;
				DEVELOPMENT_TEAM = AR9M6JHEVE;
				INFOPLIST_FILE = FQCustomTextView/Info.plist;
				IPHONEOS_DEPLOYMENT_TARGET = 8.0;
				LD_RUNPATH_SEARCH_PATHS = (
					"$(inherited)",
					"@executable_path/Frameworks",
				);
				PRODUCT_BUNDLE_IDENTIFIER = com.hdyg.FQCustomTextView;
				PRODUCT_NAME = "$(TARGET_NAME)";
				TARGETED_DEVICE_FAMILY = 1;
			};
			name = Debug;
		};
		0475441520C674C20023B44E /* Release */ = {
			isa = XCBuildConfiguration;
			buildSettings = {
				ASSETCATALOG_COMPILER_APPICON_NAME = AppIcon;
				CODE_SIGN_STYLE = Automatic;
				DEVELOPMENT_TEAM = AR9M6JHEVE;
				INFOPLIST_FILE = FQCustomTextView/Info.plist;
				IPHONEOS_DEPLOYMENT_TARGET = 8.0;
				LD_RUNPATH_SEARCH_PATHS = (
					"$(inherited)",
					"@executable_path/Frameworks",
				);
				PRODUCT_BUNDLE_IDENTIFIER = com.hdyg.FQCustomTextView;
				PRODUCT_NAME = "$(TARGET_NAME)";
				TARGETED_DEVICE_FAMILY = 1;
			};
			name = Release;
		};
		0475441720C674C20023B44E /* Debug */ = {
			isa = XCBuildConfiguration;
			buildSettings = {
				BUNDLE_LOADER = "$(TEST_HOST)";
				CODE_SIGN_STYLE = Automatic;
				DEVELOPMENT_TEAM = AR9M6JHEVE;
				INFOPLIST_FILE = FQCustomTextViewTests/Info.plist;
				LD_RUNPATH_SEARCH_PATHS = (
					"$(inherited)",
					"@executable_path/Frameworks",
					"@loader_path/Frameworks",
				);
				PRODUCT_BUNDLE_IDENTIFIER = com.hdyg.FQCustomTextViewTests;
				PRODUCT_NAME = "$(TARGET_NAME)";
				TARGETED_DEVICE_FAMILY = "1,2";
				TEST_HOST = "$(BUILT_PRODUCTS_DIR)/FQCustomTextView.app/FQCustomTextView";
			};
			name = Debug;
		};
		0475441820C674C20023B44E /* Release */ = {
			isa = XCBuildConfiguration;
			buildSettings = {
				BUNDLE_LOADER = "$(TEST_HOST)";
				CODE_SIGN_STYLE = Automatic;
				DEVELOPMENT_TEAM = AR9M6JHEVE;
				INFOPLIST_FILE = FQCustomTextViewTests/Info.plist;
				LD_RUNPATH_SEARCH_PATHS = (
					"$(inherited)",
					"@executable_path/Frameworks",
					"@loader_path/Frameworks",
				);
				PRODUCT_BUNDLE_IDENTIFIER = com.hdyg.FQCustomTextViewTests;
				PRODUCT_NAME = "$(TARGET_NAME)";
				TARGETED_DEVICE_FAMILY = "1,2";
				TEST_HOST = "$(BUILT_PRODUCTS_DIR)/FQCustomTextView.app/FQCustomTextView";
			};
			name = Release;
		};
		0475441A20C674C20023B44E /* Debug */ = {
			isa = XCBuildConfiguration;
			buildSettings = {
				CODE_SIGN_STYLE = Automatic;
				DEVELOPMENT_TEAM = AR9M6JHEVE;
				INFOPLIST_FILE = FQCustomTextViewUITests/Info.plist;
				LD_RUNPATH_SEARCH_PATHS = (
					"$(inherited)",
					"@executable_path/Frameworks",
					"@loader_path/Frameworks",
				);
				PRODUCT_BUNDLE_IDENTIFIER = com.hdyg.FQCustomTextViewUITests;
				PRODUCT_NAME = "$(TARGET_NAME)";
				TARGETED_DEVICE_FAMILY = "1,2";
				TEST_TARGET_NAME = FQCustomTextView;
			};
			name = Debug;
		};
		0475441B20C674C20023B44E /* Release */ = {
			isa = XCBuildConfiguration;
			buildSettings = {
				CODE_SIGN_STYLE = Automatic;
				DEVELOPMENT_TEAM = AR9M6JHEVE;
				INFOPLIST_FILE = FQCustomTextViewUITests/Info.plist;
				LD_RUNPATH_SEARCH_PATHS = (
					"$(inherited)",
					"@executable_path/Frameworks",
					"@loader_path/Frameworks",
				);
				PRODUCT_BUNDLE_IDENTIFIER = com.hdyg.FQCustomTextViewUITests;
				PRODUCT_NAME = "$(TARGET_NAME)";
				TARGETED_DEVICE_FAMILY = "1,2";
				TEST_TARGET_NAME = FQCustomTextView;
			};
			name = Release;
		};
/* End XCBuildConfiguration section */

/* Begin XCConfigurationList section */
		047543E220C674C20023B44E /* Build configuration list for PBXProject "FQCustomTextView" */ = {
			isa = XCConfigurationList;
			buildConfigurations = (
				0475441120C674C20023B44E /* Debug */,
				0475441220C674C20023B44E /* Release */,
			);
			defaultConfigurationIsVisible = 0;
			defaultConfigurationName = Release;
		};
		0475441320C674C20023B44E /* Build configuration list for PBXNativeTarget "FQCustomTextView" */ = {
			isa = XCConfigurationList;
			buildConfigurations = (
				0475441420C674C20023B44E /* Debug */,
				0475441520C674C20023B44E /* Release */,
			);
			defaultConfigurationIsVisible = 0;
			defaultConfigurationName = Release;
		};
		0475441620C674C20023B44E /* Build configuration list for PBXNativeTarget "FQCustomTextViewTests" */ = {
			isa = XCConfigurationList;
			buildConfigurations = (
				0475441720C674C20023B44E /* Debug */,
				0475441820C674C20023B44E /* Release */,
			);
			defaultConfigurationIsVisible = 0;
			defaultConfigurationName = Release;
		};
		0475441920C674C20023B44E /* Build configuration list for PBXNativeTarget "FQCustomTextViewUITests" */ = {
			isa = XCConfigurationList;
			buildConfigurations = (
				0475441A20C674C20023B44E /* Debug */,
				0475441B20C674C20023B44E /* Release */,
			);
			defaultConfigurationIsVisible = 0;
			defaultConfigurationName = Release;
		};
/* End XCConfigurationList section */
	};
	rootObject = 047543DF20C674C20023B44E /* Project object */;
}
