// !$*UTF8*$!
{
	archiveVersion = 1;
	classes = {
	};
	objectVersion = 50;
	objects = {

/* Begin PBXBuildFile section */
		0449C4C620C4D99B0003C983 /* AppDelegate.m in Sources */ = {isa = PBXBuildFile; fileRef = 0449C4C520C4D99B0003C983 /* AppDelegate.m */; };
		0449C4C920C4D99B0003C983 /* ViewController.m in Sources */ = {isa = PBXBuildFile; fileRef = 0449C4C820C4D99B0003C983 /* ViewController.m */; };
		0449C4CC20C4D99B0003C983 /* Main.storyboard in Resources */ = {isa = PBXBuildFile; fileRef = 0449C4CA20C4D99B0003C983 /* Main.storyboard */; };
		0449C4CE20C4D99D0003C983 /* Assets.xcassets in Resources */ = {isa = PBXBuildFile; fileRef = 0449C4CD20C4D99D0003C983 /* Assets.xcassets */; };
		0449C4D120C4D99D0003C983 /* LaunchScreen.storyboard in Resources */ = {isa = PBXBuildFile; fileRef = 0449C4CF20C4D99D0003C983 /* LaunchScreen.storyboard */; };
		0449C4D420C4D99D0003C983 /* main.m in Sources */ = {isa = PBXBuildFile; fileRef = 0449C4D320C4D99D0003C983 /* main.m */; };
		0449C4DE20C4D99D0003C983 /* FQKeyChainManageTestTests.m in Sources */ = {isa = PBXBuildFile; fileRef = 0449C4DD20C4D99D0003C983 /* FQKeyChainManageTestTests.m */; };
		0449C4E920C4D99D0003C983 /* FQKeyChainManageTestUITests.m in Sources */ = {isa = PBXBuildFile; fileRef = 0449C4E820C4D99D0003C983 /* FQKeyChainManageTestUITests.m */; };
		0449C4F920C4D9EB0003C983 /* FQKeyChain.m in Sources */ = {isa = PBXBuildFile; fileRef = 0449C4F820C4D9EB0003C983 /* FQKeyChain.m */; };
		0449C4FC20C4D9FD0003C983 /* FQKeyChainDataManage.m in Sources */ = {isa = PBXBuildFile; fileRef = 0449C4FB20C4D9FD0003C983 /* FQKeyChainDataManage.m */; };
/* End PBXBuildFile section */

/* Begin PBXContainerItemProxy section */
		0449C4DA20C4D99D0003C983 /* PBXContainerItemProxy */ = {
			isa = PBXContainerItemProxy;
			containerPortal = 0449C4B920C4D99B0003C983 /* Project object */;
			proxyType = 1;
			remoteGlobalIDString = 0449C4C020C4D99B0003C983;
			remoteInfo = FQKeyChainManageTest;
		};
		0449C4E520C4D99D0003C983 /* PBXContainerItemProxy */ = {
			isa = PBXContainerItemProxy;
			containerPortal = 0449C4B920C4D99B0003C983 /* Project object */;
			proxyType = 1;
			remoteGlobalIDString = 0449C4C020C4D99B0003C983;
			remoteInfo = FQKeyChainManageTest;
		};
/* End PBXContainerItemProxy section */

/* Begin PBXFileReference section */
		0449C4C120C4D99B0003C983 /* FQKeyChainManageTest.app */ = {isa = PBXFileReference; explicitFileType = wrapper.application; includeInIndex = 0; path = FQKeyChainManageTest.app; sourceTree = BUILT_PRODUCTS_DIR; };
		0449C4C420C4D99B0003C983 /* AppDelegate.h */ = {isa = PBXFileReference; lastKnownFileType = sourcecode.c.h; path = AppDelegate.h; sourceTree = "<group>"; };
		0449C4C520C4D99B0003C983 /* AppDelegate.m */ = {isa = PBXFileReference; lastKnownFileType = sourcecode.c.objc; path = AppDelegate.m; sourceTree = "<group>"; };
		0449C4C720C4D99B0003C983 /* ViewController.h */ = {isa = PBXFileReference; lastKnownFileType = sourcecode.c.h; path = ViewController.h; sourceTree = "<group>"; };
		0449C4C820C4D99B0003C983 /* ViewController.m */ = {isa = PBXFileReference; lastKnownFileType = sourcecode.c.objc; path = ViewController.m; sourceTree = "<group>"; };
		0449C4CB20C4D99B0003C983 /* Base */ = {isa = PBXFileReference; lastKnownFileType = file.storyboard; name = Base; path = Base.lproj/Main.storyboard; sourceTree = "<group>"; };
		0449C4CD20C4D99D0003C983 /* Assets.xcassets */ = {isa = PBXFileReference; lastKnownFileType = folder.assetcatalog; path = Assets.xcassets; sourceTree = "<group>"; };
		0449C4D020C4D99D0003C983 /* Base */ = {isa = PBXFileReference; lastKnownFileType = file.storyboard; name = Base; path = Base.lproj/LaunchScreen.storyboard; sourceTree = "<group>"; };
		0449C4D220C4D99D0003C983 /* Info.plist */ = {isa = PBXFileReference; lastKnownFileType = text.plist.xml; path = Info.plist; sourceTree = "<group>"; };
		0449C4D320C4D99D0003C983 /* main.m */ = {isa = PBXFileReference; lastKnownFileType = sourcecode.c.objc; path = main.m; sourceTree = "<group>"; };
		0449C4D920C4D99D0003C983 /* FQKeyChainManageTestTests.xctest */ = {isa = PBXFileReference; explicitFileType = wrapper.cfbundle; includeInIndex = 0; path = FQKeyChainManageTestTests.xctest; sourceTree = BUILT_PRODUCTS_DIR; };
		0449C4DD20C4D99D0003C983 /* FQKeyChainManageTestTests.m */ = {isa = PBXFileReference; lastKnownFileType = sourcecode.c.objc; path = FQKeyChainManageTestTests.m; sourceTree = "<group>"; };
		0449C4DF20C4D99D0003C983 /* Info.plist */ = {isa = PBXFileReference; lastKnownFileType = text.plist.xml; path = Info.plist; sourceTree = "<group>"; };
		0449C4E420C4D99D0003C983 /* FQKeyChainManageTestUITests.xctest */ = {isa = PBXFileReference; explicitFileType = wrapper.cfbundle; includeInIndex = 0; path = FQKeyChainManageTestUITests.xctest; sourceTree = BUILT_PRODUCTS_DIR; };
		0449C4E820C4D99D0003C983 /* FQKeyChainManageTestUITests.m */ = {isa = PBXFileReference; lastKnownFileType = sourcecode.c.objc; path = FQKeyChainManageTestUITests.m; sourceTree = "<group>"; };
		0449C4EA20C4D99D0003C983 /* Info.plist */ = {isa = PBXFileReference; lastKnownFileType = text.plist.xml; path = Info.plist; sourceTree = "<group>"; };
		0449C4F720C4D9EB0003C983 /* FQKeyChain.h */ = {isa = PBXFileReference; lastKnownFileType = sourcecode.c.h; path = FQKeyChain.h; sourceTree = "<group>"; };
		0449C4F820C4D9EB0003C983 /* FQKeyChain.m */ = {isa = PBXFileReference; lastKnownFileType = sourcecode.c.objc; path = FQKeyChain.m; sourceTree = "<group>"; };
		0449C4FA20C4D9FD0003C983 /* FQKeyChainDataManage.h */ = {isa = PBXFileReference; lastKnownFileType = sourcecode.c.h; path = FQKeyChainDataManage.h; sourceTree = "<group>"; };
		0449C4FB20C4D9FD0003C983 /* FQKeyChainDataManage.m */ = {isa = PBXFileReference; lastKnownFileType = sourcecode.c.objc; path = FQKeyChainDataManage.m; sourceTree = "<group>"; };
/* End PBXFileReference section */

/* Begin PBXFrameworksBuildPhase section */
		0449C4BE20C4D99B0003C983 /* Frameworks */ = {
			isa = PBXFrameworksBuildPhase;
			buildActionMask = 2147483647;
			files = (
			);
			runOnlyForDeploymentPostprocessing = 0;
		};
		0449C4D620C4D99D0003C983 /* Frameworks */ = {
			isa = PBXFrameworksBuildPhase;
			buildActionMask = 2147483647;
			files = (
			);
			runOnlyForDeploymentPostprocessing = 0;
		};
		0449C4E120C4D99D0003C983 /* Frameworks */ = {
			isa = PBXFrameworksBuildPhase;
			buildActionMask = 2147483647;
			files = (
			);
			runOnlyForDeploymentPostprocessing = 0;
		};
/* End PBXFrameworksBuildPhase section */

/* Begin PBXGroup section */
		0449C4B820C4D99B0003C983 = {
			isa = PBXGroup;
			children = (
				0449C4C320C4D99B0003C983 /* FQKeyChainManageTest */,
				0449C4DC20C4D99D0003C983 /* FQKeyChainManageTestTests */,
				0449C4E720C4D99D0003C983 /* FQKeyChainManageTestUITests */,
				0449C4C220C4D99B0003C983 /* Products */,
			);
			sourceTree = "<group>";
		};
		0449C4C220C4D99B0003C983 /* Products */ = {
			isa = PBXGroup;
			children = (
				0449C4C120C4D99B0003C983 /* FQKeyChainManageTest.app */,
				0449C4D920C4D99D0003C983 /* FQKeyChainManageTestTests.xctest */,
				0449C4E420C4D99D0003C983 /* FQKeyChainManageTestUITests.xctest */,
			);
			name = Products;
			sourceTree = "<group>";
		};
		0449C4C320C4D99B0003C983 /* FQKeyChainManageTest */ = {
			isa = PBXGroup;
			children = (
				0449C4F620C4D9A60003C983 /* FQKeyChainManage */,
				0449C4C420C4D99B0003C983 /* AppDelegate.h */,
				0449C4C520C4D99B0003C983 /* AppDelegate.m */,
				0449C4C720C4D99B0003C983 /* ViewController.h */,
				0449C4C820C4D99B0003C983 /* ViewController.m */,
				0449C4CA20C4D99B0003C983 /* Main.storyboard */,
				0449C4CD20C4D99D0003C983 /* Assets.xcassets */,
				0449C4CF20C4D99D0003C983 /* LaunchScreen.storyboard */,
				0449C4D220C4D99D0003C983 /* Info.plist */,
				0449C4D320C4D99D0003C983 /* main.m */,
			);
			path = FQKeyChainManageTest;
			sourceTree = "<group>";
		};
		0449C4DC20C4D99D0003C983 /* FQKeyChainManageTestTests */ = {
			isa = PBXGroup;
			children = (
				0449C4DD20C4D99D0003C983 /* FQKeyChainManageTestTests.m */,
				0449C4DF20C4D99D0003C983 /* Info.plist */,
			);
			path = FQKeyChainManageTestTests;
			sourceTree = "<group>";
		};
		0449C4E720C4D99D0003C983 /* FQKeyChainManageTestUITests */ = {
			isa = PBXGroup;
			children = (
				0449C4E820C4D99D0003C983 /* FQKeyChainManageTestUITests.m */,
				0449C4EA20C4D99D0003C983 /* Info.plist */,
			);
			path = FQKeyChainManageTestUITests;
			sourceTree = "<group>";
		};
		0449C4F620C4D9A60003C983 /* FQKeyChainManage */ = {
			isa = PBXGroup;
			children = (
				0449C4F720C4D9EB0003C983 /* FQKeyChain.h */,
				0449C4F820C4D9EB0003C983 /* FQKeyChain.m */,
				0449C4FA20C4D9FD0003C983 /* FQKeyChainDataManage.h */,
				0449C4FB20C4D9FD0003C983 /* FQKeyChainDataManage.m */,
			);
			path = FQKeyChainManage;
			sourceTree = "<group>";
		};
/* End PBXGroup section */

/* Begin PBXNativeTarget section */
		0449C4C020C4D99B0003C983 /* FQKeyChainManageTest */ = {
			isa = PBXNativeTarget;
			buildConfigurationList = 0449C4ED20C4D99D0003C983 /* Build configuration list for PBXNativeTarget "FQKeyChainManageTest" */;
			buildPhases = (
				0449C4BD20C4D99B0003C983 /* Sources */,
				0449C4BE20C4D99B0003C983 /* Frameworks */,
				0449C4BF20C4D99B0003C983 /* Resources */,
			);
			buildRules = (
			);
			dependencies = (
			);
			name = FQKeyChainManageTest;
			productName = FQKeyChainManageTest;
			productReference = 0449C4C120C4D99B0003C983 /* FQKeyChainManageTest.app */;
			productType = "com.apple.product-type.application";
		};
		0449C4D820C4D99D0003C983 /* FQKeyChainManageTestTests */ = {
			isa = PBXNativeTarget;
			buildConfigurationList = 0449C4F020C4D99D0003C983 /* Build configuration list for PBXNativeTarget "FQKeyChainManageTestTests" */;
			buildPhases = (
				0449C4D520C4D99D0003C983 /* Sources */,
				0449C4D620C4D99D0003C983 /* Frameworks */,
				0449C4D720C4D99D0003C983 /* Resources */,
			);
			buildRules = (
			);
			dependencies = (
				0449C4DB20C4D99D0003C983 /* PBXTargetDependency */,
			);
			name = FQKeyChainManageTestTests;
			productName = FQKeyChainManageTestTests;
			productReference = 0449C4D920C4D99D0003C983 /* FQKeyChainManageTestTests.xctest */;
			productType = "com.apple.product-type.bundle.unit-test";
		};
		0449C4E320C4D99D0003C983 /* FQKeyChainManageTestUITests */ = {
			isa = PBXNativeTarget;
			buildConfigurationList = 0449C4F320C4D99D0003C983 /* Build configuration list for PBXNativeTarget "FQKeyChainManageTestUITests" */;
			buildPhases = (
				0449C4E020C4D99D0003C983 /* Sources */,
				0449C4E120C4D99D0003C983 /* Frameworks */,
				0449C4E220C4D99D0003C983 /* Resources */,
			);
			buildRules = (
			);
			dependencies = (
				0449C4E620C4D99D0003C983 /* PBXTargetDependency */,
			);
			name = FQKeyChainManageTestUITests;
			productName = FQKeyChainManageTestUITests;
			productReference = 0449C4E420C4D99D0003C983 /* FQKeyChainManageTestUITests.xctest */;
			productType = "com.apple.product-type.bundle.ui-testing";
		};
/* End PBXNativeTarget section */

/* Begin PBXProject section */
		0449C4B920C4D99B0003C983 /* Project object */ = {
			isa = PBXProject;
			attributes = {
				LastUpgradeCheck = 0930;
				ORGANIZATIONNAME = mac;
				TargetAttributes = {
					0449C4C020C4D99B0003C983 = {
						CreatedOnToolsVersion = 9.3;
					};
					0449C4D820C4D99D0003C983 = {
						CreatedOnToolsVersion = 9.3;
						TestTargetID = 0449C4C020C4D99B0003C983;
					};
					0449C4E320C4D99D0003C983 = {
						CreatedOnToolsVersion = 9.3;
						TestTargetID = 0449C4C020C4D99B0003C983;
					};
				};
			};
			buildConfigurationList = 0449C4BC20C4D99B0003C983 /* Build configuration list for PBXProject "FQKeyChainManageTest" */;
			compatibilityVersion = "Xcode 9.3";
			developmentRegion = en;
			hasScannedForEncodings = 0;
			knownRegions = (
				en,
				Base,
			);
			mainGroup = 0449C4B820C4D99B0003C983;
			productRefGroup = 0449C4C220C4D99B0003C983 /* Products */;
			projectDirPath = "";
			projectRoot = "";
			targets = (
				0449C4C020C4D99B0003C983 /* FQKeyChainManageTest */,
				0449C4D820C4D99D0003C983 /* FQKeyChainManageTestTests */,
				0449C4E320C4D99D0003C983 /* FQKeyChainManageTestUITests */,
			);
		};
/* End PBXProject section */

/* Begin PBXResourcesBuildPhase section */
		0449C4BF20C4D99B0003C983 /* Resources */ = {
			isa = PBXResourcesBuildPhase;
			buildActionMask = 2147483647;
			files = (
				0449C4D120C4D99D0003C983 /* LaunchScreen.storyboard in Resources */,
				0449C4CE20C4D99D0003C983 /* Assets.xcassets in Resources */,
				0449C4CC20C4D99B0003C983 /* Main.storyboard in Resources */,
			);
			runOnlyForDeploymentPostprocessing = 0;
		};
		0449C4D720C4D99D0003C983 /* Resources */ = {
			isa = PBXResourcesBuildPhase;
			buildActionMask = 2147483647;
			files = (
			);
			runOnlyForDeploymentPostprocessing = 0;
		};
		0449C4E220C4D99D0003C983 /* Resources */ = {
			isa = PBXResourcesBuildPhase;
			buildActionMask = 2147483647;
			files = (
			);
			runOnlyForDeploymentPostprocessing = 0;
		};
/* End PBXResourcesBuildPhase section */

/* Begin PBXSourcesBuildPhase section */
		0449C4BD20C4D99B0003C983 /* Sources */ = {
			isa = PBXSourcesBuildPhase;
			buildActionMask = 2147483647;
			files = (
				0449C4C920C4D99B0003C983 /* ViewController.m in Sources */,
				0449C4FC20C4D9FD0003C983 /* FQKeyChainDataManage.m in Sources */,
				0449C4D420C4D99D0003C983 /* main.m in Sources */,
				0449C4F920C4D9EB0003C983 /* FQKeyChain.m in Sources */,
				0449C4C620C4D99B0003C983 /* AppDelegate.m in Sources */,
			);
			runOnlyForDeploymentPostprocessing = 0;
		};
		0449C4D520C4D99D0003C983 /* Sources */ = {
			isa = PBXSourcesBuildPhase;
			buildActionMask = 2147483647;
			files = (
				0449C4DE20C4D99D0003C983 /* FQKeyChainManageTestTests.m in Sources */,
			);
			runOnlyForDeploymentPostprocessing = 0;
		};
		0449C4E020C4D99D0003C983 /* Sources */ = {
			isa = PBXSourcesBuildPhase;
			buildActionMask = 2147483647;
			files = (
				0449C4E920C4D99D0003C983 /* FQKeyChainManageTestUITests.m in Sources */,
			);
			runOnlyForDeploymentPostprocessing = 0;
		};
/* End PBXSourcesBuildPhase section */

/* Begin PBXTargetDependency section */
		0449C4DB20C4D99D0003C983 /* PBXTargetDependency */ = {
			isa = PBXTargetDependency;
			target = 0449C4C020C4D99B0003C983 /* FQKeyChainManageTest */;
			targetProxy = 0449C4DA20C4D99D0003C983 /* PBXContainerItemProxy */;
		};
		0449C4E620C4D99D0003C983 /* PBXTargetDependency */ = {
			isa = PBXTargetDependency;
			target = 0449C4C020C4D99B0003C983 /* FQKeyChainManageTest */;
			targetProxy = 0449C4E520C4D99D0003C983 /* PBXContainerItemProxy */;
		};
/* End PBXTargetDependency section */

/* Begin PBXVariantGroup section */
		0449C4CA20C4D99B0003C983 /* Main.storyboard */ = {
			isa = PBXVariantGroup;
			children = (
				0449C4CB20C4D99B0003C983 /* Base */,
			);
			name = Main.storyboard;
			sourceTree = "<group>";
		};
		0449C4CF20C4D99D0003C983 /* LaunchScreen.storyboard */ = {
			isa = PBXVariantGroup;
			children = (
				0449C4D020C4D99D0003C983 /* Base */,
			);
			name = LaunchScreen.storyboard;
			sourceTree = "<group>";
		};
/* End PBXVariantGroup section */

/* Begin XCBuildConfiguration section */
		0449C4EB20C4D99D0003C983 /* Debug */ = {
			isa = XCBuildConfiguration;
			buildSettings = {
				ALWAYS_SEARCH_USER_PATHS = NO;
				CLANG_ANALYZER_NONNULL = YES;
				CLANG_ANALYZER_NUMBER_OBJECT_CONVERSION = YES_AGGRESSIVE;
				CLANG_CXX_LANGUAGE_STANDARD = "gnu++14";
				CLANG_CXX_LIBRARY = "libc++";
				CLANG_ENABLE_MODULES = YES;
				CLANG_ENABLE_OBJC_ARC = YES;
				CLANG_ENABLE_OBJC_WEAK = YES;
				CLANG_WARN_BLOCK_CAPTURE_AUTORELEASING = YES;
				CLANG_WARN_BOOL_CONVERSION = YES;
				CLANG_WARN_COMMA = YES;
				CLANG_WARN_CONSTANT_CONVERSION = YES;
				CLANG_WARN_DEPRECATED_OBJC_IMPLEMENTATIONS = YES;
				CLANG_WARN_DIRECT_OBJC_ISA_USAGE = YES_ERROR;
				CLANG_WARN_DOCUMENTATION_COMMENTS = YES;
				CLANG_WARN_EMPTY_BODY = YES;
				CLANG_WARN_ENUM_CONVERSION = YES;
				CLANG_WARN_INFINITE_RECURSION = YES;
				CLANG_WARN_INT_CONVERSION = YES;
				CLANG_WARN_NON_LITERAL_NULL_CONVERSION = YES;
				CLANG_WARN_OBJC_IMPLICIT_RETAIN_SELF = YES;
				CLANG_WARN_OBJC_LITERAL_CONVERSION = YES;
				CLANG_WARN_OBJC_ROOT_CLASS = YES_ERROR;
				CLANG_WARN_RANGE_LOOP_ANALYSIS = YES;
				CLANG_WARN_STRICT_PROTOTYPES = YES;
				CLANG_WARN_SUSPICIOUS_MOVE = YES;
				CLANG_WARN_UNGUARDED_AVAILABILITY = YES_AGGRESSIVE;
				CLANG_WARN_UNREACHABLE_CODE = YES;
				CLANG_WARN__DUPLICATE_METHOD_MATCH = YES;
				CODE_SIGN_IDENTITY = "iPhone Developer";
				COPY_PHASE_STRIP = NO;
				DEBUG_INFORMATION_FORMAT = dwarf;
				ENABLE_STRICT_OBJC_MSGSEND = YES;
				ENABLE_TESTABILITY = YES;
				GCC_C_LANGUAGE_STANDARD = gnu11;
				GCC_DYNAMIC_NO_PIC = NO;
				GCC_NO_COMMON_BLOCKS = YES;
				GCC_OPTIMIZATION_LEVEL = 0;
				GCC_PREPROCESSOR_DEFINITIONS = (
					"DEBUG=1",
					"$(inherited)",
				);
				GCC_WARN_64_TO_32_BIT_CONVERSION = YES;
				GCC_WARN_ABOUT_RETURN_TYPE = YES_ERROR;
				GCC_WARN_UNDECLARED_SELECTOR = YES;
				GCC_WARN_UNINITIALIZED_AUTOS = YES_AGGRESSIVE;
				GCC_WARN_UNUSED_FUNCTION = YES;
				GCC_WARN_UNUSED_VARIABLE = YES;
				IPHONEOS_DEPLOYMENT_TARGET = 11.3;
				MTL_ENABLE_DEBUG_INFO = YES;
				ONLY_ACTIVE_ARCH = YES;
				SDKROOT = iphoneos;
			};
			name = Debug;
		};
		0449C4EC20C4D99D0003C983 /* Release */ = {
			isa = XCBuildConfiguration;
			buildSettings = {
				ALWAYS_SEARCH_USER_PATHS = NO;
				CLANG_ANALYZER_NONNULL = YES;
				CLANG_ANALYZER_NUMBER_OBJECT_CONVERSION = YES_AGGRESSIVE;
				CLANG_CXX_LANGUAGE_STANDARD = "gnu++14";
				CLANG_CXX_LIBRARY = "libc++";
				CLANG_ENABLE_MODULES = YES;
				CLANG_ENABLE_OBJC_ARC = YES;
				CLANG_ENABLE_OBJC_WEAK = YES;
				CLANG_WARN_BLOCK_CAPTURE_AUTORELEASING = YES;
				CLANG_WARN_BOOL_CONVERSION = YES;
				CLANG_WARN_COMMA = YES;
				CLANG_WARN_CONSTANT_CONVERSION = YES;
				CLANG_WARN_DEPRECATED_OBJC_IMPLEMENTATIONS = YES;
				CLANG_WARN_DIRECT_OBJC_ISA_USAGE = YES_ERROR;
				CLANG_WARN_DOCUMENTATION_COMMENTS = YES;
				CLANG_WARN_EMPTY_BODY = YES;
				CLANG_WARN_ENUM_CONVERSION = YES;
				CLANG_WARN_INFINITE_RECURSION = YES;
				CLANG_WARN_INT_CONVERSION = YES;
				CLANG_WARN_NON_LITERAL_NULL_CONVERSION = YES;
				CLANG_WARN_OBJC_IMPLICIT_RETAIN_SELF = YES;
				CLANG_WARN_OBJC_LITERAL_CONVERSION = YES;
				CLANG_WARN_OBJC_ROOT_CLASS = YES_ERROR;
				CLANG_WARN_RANGE_LOOP_ANALYSIS = YES;
				CLANG_WARN_STRICT_PROTOTYPES = YES;
				CLANG_WARN_SUSPICIOUS_MOVE = YES;
				CLANG_WARN_UNGUARDED_AVAILABILITY = YES_AGGRESSIVE;
				CLANG_WARN_UNREACHABLE_CODE = YES;
				CLANG_WARN__DUPLICATE_METHOD_MATCH = YES;
				CODE_SIGN_IDENTITY = "iPhone Developer";
				COPY_PHASE_STRIP = NO;
				DEBUG_INFORMATION_FORMAT = "dwarf-with-dsym";
				ENABLE_NS_ASSERTIONS = NO;
				ENABLE_STRICT_OBJC_MSGSEND = YES;
				GCC_C_LANGUAGE_STANDARD = gnu11;
				GCC_NO_COMMON_BLOCKS = YES;
				GCC_WARN_64_TO_32_BIT_CONVERSION = YES;
				GCC_WARN_ABOUT_RETURN_TYPE = YES_ERROR;
				GCC_WARN_UNDECLARED_SELECTOR = YES;
				GCC_WARN_UNINITIALIZED_AUTOS = YES_AGGRESSIVE;
				GCC_WARN_UNUSED_FUNCTION = YES;
				GCC_WARN_UNUSED_VARIABLE = YES;
				IPHONEOS_DEPLOYMENT_TARGET = 11.3;
				MTL_ENABLE_DEBUG_INFO = NO;
				SDKROOT = iphoneos;
				VALIDATE_PRODUCT = YES;
			};
			name = Release;
		};
		0449C4EE20C4D99D0003C983 /* Debug */ = {
			isa = XCBuildConfiguration;
			buildSettings = {
				ASSETCATALOG_COMPILER_APPICON_NAME = AppIcon;
				CODE_SIGN_STYLE = Automatic;
				DEVELOPMENT_TEAM = AR9M6JHEVE;
				INFOPLIST_FILE = FQKeyChainManageTest/Info.plist;
				IPHONEOS_DEPLOYMENT_TARGET = 11.3;
				LD_RUNPATH_SEARCH_PATHS = (
					"$(inherited)",
					"@executable_path/Frameworks",
				);
				PRODUCT_BUNDLE_IDENTIFIER = com.hdyg.FQKeyChainManageTest;
				PRODUCT_NAME = "$(TARGET_NAME)";
				TARGETED_DEVICE_FAMILY = "1,2";
			};
			name = Debug;
		};
		0449C4EF20C4D99D0003C983 /* Release */ = {
			isa = XCBuildConfiguration;
			buildSettings = {
				ASSETCATALOG_COMPILER_APPICON_NAME = AppIcon;
				CODE_SIGN_STYLE = Automatic;
				DEVELOPMENT_TEAM = AR9M6JHEVE;
				INFOPLIST_FILE = FQKeyChainManageTest/Info.plist;
				IPHONEOS_DEPLOYMENT_TARGET = 11.3;
				LD_RUNPATH_SEARCH_PATHS = (
					"$(inherited)",
					"@executable_path/Frameworks",
				);
				PRODUCT_BUNDLE_IDENTIFIER = com.hdyg.FQKeyChainManageTest;
				PRODUCT_NAME = "$(TARGET_NAME)";
				TARGETED_DEVICE_FAMILY = "1,2";
			};
			name = Release;
		};
		0449C4F120C4D99D0003C983 /* Debug */ = {
			isa = XCBuildConfiguration;
			buildSettings = {
				BUNDLE_LOADER = "$(TEST_HOST)";
				CODE_SIGN_STYLE = Automatic;
				DEVELOPMENT_TEAM = AR9M6JHEVE;
				INFOPLIST_FILE = FQKeyChainManageTestTests/Info.plist;
				LD_RUNPATH_SEARCH_PATHS = (
					"$(inherited)",
					"@executable_path/Frameworks",
					"@loader_path/Frameworks",
				);
				PRODUCT_BUNDLE_IDENTIFIER = com.hdyg.FQKeyChainManageTestTests;
				PRODUCT_NAME = "$(TARGET_NAME)";
				TARGETED_DEVICE_FAMILY = "1,2";
				TEST_HOST = "$(BUILT_PRODUCTS_DIR)/FQKeyChainManageTest.app/FQKeyChainManageTest";
			};
			name = Debug;
		};
		0449C4F220C4D99D0003C983 /* Release */ = {
			isa = XCBuildConfiguration;
			buildSettings = {
				BUNDLE_LOADER = "$(TEST_HOST)";
				CODE_SIGN_STYLE = Automatic;
				DEVELOPMENT_TEAM = AR9M6JHEVE;
				INFOPLIST_FILE = FQKeyChainManageTestTests/Info.plist;
				LD_RUNPATH_SEARCH_PATHS = (
					"$(inherited)",
					"@executable_path/Frameworks",
					"@loader_path/Frameworks",
				);
				PRODUCT_BUNDLE_IDENTIFIER = com.hdyg.FQKeyChainManageTestTests;
				PRODUCT_NAME = "$(TARGET_NAME)";
				TARGETED_DEVICE_FAMILY = "1,2";
				TEST_HOST = "$(BUILT_PRODUCTS_DIR)/FQKeyChainManageTest.app/FQKeyChainManageTest";
			};
			name = Release;
		};
		0449C4F420C4D99D0003C983 /* Debug */ = {
			isa = XCBuildConfiguration;
			buildSettings = {
				CODE_SIGN_STYLE = Automatic;
				DEVELOPMENT_TEAM = AR9M6JHEVE;
				INFOPLIST_FILE = FQKeyChainManageTestUITests/Info.plist;
				LD_RUNPATH_SEARCH_PATHS = (
					"$(inherited)",
					"@executable_path/Frameworks",
					"@loader_path/Frameworks",
				);
				PRODUCT_BUNDLE_IDENTIFIER = com.hdyg.FQKeyChainManageTestUITests;
				PRODUCT_NAME = "$(TARGET_NAME)";
				TARGETED_DEVICE_FAMILY = "1,2";
				TEST_TARGET_NAME = FQKeyChainManageTest;
			};
			name = Debug;
		};
		0449C4F520C4D99D0003C983 /* Release */ = {
			isa = XCBuildConfiguration;
			buildSettings = {
				CODE_SIGN_STYLE = Automatic;
				DEVELOPMENT_TEAM = AR9M6JHEVE;
				INFOPLIST_FILE = FQKeyChainManageTestUITests/Info.plist;
				LD_RUNPATH_SEARCH_PATHS = (
					"$(inherited)",
					"@executable_path/Frameworks",
					"@loader_path/Frameworks",
				);
				PRODUCT_BUNDLE_IDENTIFIER = com.hdyg.FQKeyChainManageTestUITests;
				PRODUCT_NAME = "$(TARGET_NAME)";
				TARGETED_DEVICE_FAMILY = "1,2";
				TEST_TARGET_NAME = FQKeyChainManageTest;
			};
			name = Release;
		};
/* End XCBuildConfiguration section */

/* Begin XCConfigurationList section */
		0449C4BC20C4D99B0003C983 /* Build configuration list for PBXProject "FQKeyChainManageTest" */ = {
			isa = XCConfigurationList;
			buildConfigurations = (
				0449C4EB20C4D99D0003C983 /* Debug */,
				0449C4EC20C4D99D0003C983 /* Release */,
			);
			defaultConfigurationIsVisible = 0;
			defaultConfigurationName = Release;
		};
		0449C4ED20C4D99D0003C983 /* Build configuration list for PBXNativeTarget "FQKeyChainManageTest" */ = {
			isa = XCConfigurationList;
			buildConfigurations = (
				0449C4EE20C4D99D0003C983 /* Debug */,
				0449C4EF20C4D99D0003C983 /* Release */,
			);
			defaultConfigurationIsVisible = 0;
			defaultConfigurationName = Release;
		};
		0449C4F020C4D99D0003C983 /* Build configuration list for PBXNativeTarget "FQKeyChainManageTestTests" */ = {
			isa = XCConfigurationList;
			buildConfigurations = (
				0449C4F120C4D99D0003C983 /* Debug */,
				0449C4F220C4D99D0003C983 /* Release */,
			);
			defaultConfigurationIsVisible = 0;
			defaultConfigurationName = Release;
		};
		0449C4F320C4D99D0003C983 /* Build configuration list for PBXNativeTarget "FQKeyChainManageTestUITests" */ = {
			isa = XCConfigurationList;
			buildConfigurations = (
				0449C4F420C4D99D0003C983 /* Debug */,
				0449C4F520C4D99D0003C983 /* Release */,
			);
			defaultConfigurationIsVisible = 0;
			defaultConfigurationName = Release;
		};
/* End XCConfigurationList section */
	};
	rootObject = 0449C4B920C4D99B0003C983 /* Project object */;
}
